dependencies:
- name: helm-product
  repository: oci://ghcr.io/onecx/charts
  version: 0.4.0
- name: onecx-k8s-crds
  repository: oci://ghcr.io/onecx/charts
  version: 1.3.0
- name: onecx-k8s-db-postgresql-operator
  repository: oci://ghcr.io/onecx/charts
  version: 1.2.0-rc.12
digest: sha256:e029f720efa71f77a2725df08ea90d8f8f7adf8cf55f0cc3a67d230d1f5e2202
generated: "2026-08-09T09:55:21.533917294Z"
