dependencies:
- name: helm-product
  repository: oci://ghcr.io/onecx/charts
  version: 0.4.0
- name: onecx-k8s-crds
  repository: oci://ghcr.io/onecx/charts
  version: 1.3.0
- name: onecx-k8s-db-postgresql-operator
  repository: oci://ghcr.io/onecx/charts
  version: 1.2.0-rc.13
digest: sha256:bde39c2eeab2aaca7ac63f4a65a3b70da072177a93eab7c6cba3e8f9a885ed5b
generated: "2026-08-18T08:41:27.608357002Z"
