dependencies:
- name: helm-product
  repository: oci://ghcr.io/onecx/charts
  version: 0.3.0
- name: onecx-k8s-crds
  repository: oci://ghcr.io/onecx/charts
  version: 1.1.0-rc.1
- name: onecx-k8s-db-postgresql-operator
  repository: oci://ghcr.io/onecx/charts
  version: 0.0.0
digest: sha256:16755d9be94034f219430ee25fdd155468b150c9936e15f5458edd38a31797e4
generated: "2025-08-22T09:51:05.796950602Z"
